
Microsoft Visual Studio Solution File, Format Version 12.00
# Visual Studio Version 17
VisualStudioVersion = 17.5.33530.505
MinimumVisualStudioVersion = 10.0.40219.1
Project("{FAE04EC0-301F-11D3-BF4B-00C04F79EFBC}") = "WebApplication3", "WebApplication3\WebApplication3.csproj", "{58168ABD-8D3A-4E70-B7EF-65F68E322FEA}"
EndProject
Global
	GlobalSection(SolutionConfigurationPlatforms) = preSolution
		Debug|Any CPU = Debug|Any CPU
		Release|Any CPU = Release|Any CPU
	EndGlobalSection
	GlobalSection(ProjectConfigurationPlatforms) = postSolution
		{58168ABD-8D3A-4E70-B7EF-65F68E322FEA}.Debug|Any CPU.ActiveCfg = Debug|Any CPU
		{58168ABD-8D3A-4E70-B7EF-65F68E322FEA}.Debug|Any CPU.Build.0 = Debug|Any CPU
		{58168ABD-8D3A-4E70-B7EF-65F68E322FEA}.Release|Any CPU.ActiveCfg = Release|Any CPU
		{58168ABD-8D3A-4E70-B7EF-65F68E322FEA}.Release|Any CPU.Build.0 = Release|Any CPU
	EndGlobalSection
	GlobalSection(SolutionProperties) = preSolution
		HideSolutionNode = FALSE
	EndGlobalSection
	GlobalSection(ExtensibilityGlobals) = postSolution
		SolutionGuid = {55ED4025-F3C4-45B6-A5C7-4C4A9B1421CC}
	EndGlobalSection
EndGlobal
